<?xml version="1.0" encoding="utf-8"?>
<Project ToolsVersion="4.0" xmlns="http://schemas.microsoft.com/developer/msbuild/2003">
  <ItemGroup>
    <Filter Include="Test Function">
      <UniqueIdentifier>{e8930b4b-8022-4aa2-b36b-750ba218247a}</UniqueIdentifier>
    </Filter>
  </ItemGroup>
  <ItemGroup>
    <CudaCompile Include="TestFunction.cu">
      <Filter>Test Function</Filter>
    </CudaCompile>
  </ItemGroup>
  <ItemGroup>
    <ClInclude Include="TestFunction.cuh">
      <Filter>Test Function</Filter>
    </ClInclude>
    <ClInclude Include="Sigmoid.cuh" />
  </ItemGroup>
</Project>